
Microsoft Visual Studio Solution File, Format Version 12.00
# Visual Studio Version 16
VisualStudioVersion = 16.0.30717.126
MinimumVisualStudioVersion = 10.0.40219.1
Project("{2150E333-8FDC-42A3-9474-1A3956D46DE8}") = "Arrays", "Arrays", "{7AAD5C09-5C9F-400D-8C95-180FD269EBAB}"
EndProject
Project("{FAE04EC0-301F-11D3-BF4B-00C04F79EFBC}") = "2DArrayDS", "2DArrayDS\2DArrayDS.csproj", "{0ACB3F77-C14E-44B9-8855-19D67FD85650}"
EndProject
Project("{FAE04EC0-301F-11D3-BF4B-00C04F79EFBC}") = "ArraysLeftRotation", "ArraysLeftRotation\ArraysLeftRotation.csproj", "{535A0459-66C1-4340-A8E3-7E2576034287}"
EndProject
Project("{2150E333-8FDC-42A3-9474-1A3956D46DE8}") = "HelperClassLibraries", "HelperClassLibraries", "{A84BCAB2-35E5-49B8-8194-58F8847A1A3B}"
EndProject
Project("{FAE04EC0-301F-11D3-BF4B-00C04F79EFBC}") = "PrintClassLibrary", "..\LeetcodeProblems\PrintClassLibrary\PrintClassLibrary.csproj", "{6B956E63-E078-44C7-A5D7-7DFDC7BA3727}"
EndProject
Project("{2150E333-8FDC-42A3-9474-1A3956D46DE8}") = "DictionariesAndHashMaps", "DictionariesAndHashMaps", "{C994D82B-FE3F-42B2-93A1-7E93003CA2E3}"
EndProject
Project("{FAE04EC0-301F-11D3-BF4B-00C04F79EFBC}") = "HashTablesRansomNote", "HashTablesRansomNote\HashTablesRansomNote.csproj", "{FE12F577-B743-46EA-AAFA-BEAD0019B00C}"
EndProject
Project("{FAE04EC0-301F-11D3-BF4B-00C04F79EFBC}") = "SherlockAndAnagrams", "SherlockAndAnagrams\SherlockAndAnagrams.csproj", "{F91A096D-B694-450C-A3DB-DB5A0EEFAD1A}"
EndProject
Project("{FAE04EC0-301F-11D3-BF4B-00C04F79EFBC}") = "FrequencyQueries", "FrequencyQueries\FrequencyQueries.csproj", "{D4C0CE01-B879-456F-AF97-EA341E48A16B}"
EndProject
Project("{2150E333-8FDC-42A3-9474-1A3956D46DE8}") = "StringManipulation", "StringManipulation", "{F3A57E22-3C22-4326-8137-BF82FCE53222}"
EndProject
Project("{FAE04EC0-301F-11D3-BF4B-00C04F79EFBC}") = "StringsMakingAnagrams", "StringsMakingAnagrams\StringsMakingAnagrams.csproj", "{F5D932AC-2744-445A-8F37-2F12E5BCD2A3}"
EndProject
Project("{FAE04EC0-301F-11D3-BF4B-00C04F79EFBC}") = "SpecialStringAgain", "SpecialStringAgain\SpecialStringAgain.csproj", "{5CA75066-B6EB-4656-B2F8-D398154A4084}"
EndProject
Project("{FAE04EC0-301F-11D3-BF4B-00C04F79EFBC}") = "CommonChild", "CommonChild\CommonChild.csproj", "{CD4CD13B-2E53-46D3-BB7A-8C0E8F278ACF}"
EndProject
Project("{2150E333-8FDC-42A3-9474-1A3956D46DE8}") = "GreedyAlgorithms", "GreedyAlgorithms", "{094ABDF6-2291-412D-954C-28FC845D9989}"
EndProject
Project("{FAE04EC0-301F-11D3-BF4B-00C04F79EFBC}") = "MaxMin", "MaxMin\MaxMin.csproj", "{73E2B503-E755-47A5-8A7D-96337650A37E}"
EndProject
Project("{FAE04EC0-301F-11D3-BF4B-00C04F79EFBC}") = "GreedyFlorist", "GreedyFlorist\GreedyFlorist.csproj", "{F3043318-FD5C-417F-8D37-A6E7C83036DA}"
EndProject
Project("{2150E333-8FDC-42A3-9474-1A3956D46DE8}") = "Search", "Search", "{296A1C0E-6F65-4731-957F-DCC8051D4DA4}"
EndProject
Project("{FAE04EC0-301F-11D3-BF4B-00C04F79EFBC}") = "Pairs", "Pairs\Pairs.csproj", "{F52BD303-F9B3-43BA-9F91-3A46B10A7C99}"
EndProject
Project("{2150E333-8FDC-42A3-9474-1A3956D46DE8}") = "RecursionAndBacktracking", "RecursionAndBacktracking", "{FA77288F-B7DB-440C-8DA7-DBBF75BFBFF1}"
EndProject
Project("{FAE04EC0-301F-11D3-BF4B-00C04F79EFBC}") = "RecursionFibonacciNumbers", "RecursionFibonacciNumbers\RecursionFibonacciNumbers.csproj", "{FE7B56E3-F90F-49F4-BBF7-CEA752137A5D}"
EndProject
Project("{2150E333-8FDC-42A3-9474-1A3956D46DE8}") = "Miscellaneous", "Miscellaneous", "{AC827F69-C570-4D24-9667-16C0676DA2BC}"
EndProject
Project("{2150E333-8FDC-42A3-9474-1A3956D46DE8}") = "DynamicProgramming", "DynamicProgramming", "{FD257508-2F8D-4D5B-8A75-47C489EEA9B3}"
EndProject
Project("{FAE04EC0-301F-11D3-BF4B-00C04F79EFBC}") = "MaxArraySum", "MaxArraySum\MaxArraySum.csproj", "{ABD2CF93-6622-47C5-96A6-D1F6C6B05B44}"
EndProject
Project("{FAE04EC0-301F-11D3-BF4B-00C04F79EFBC}") = "SherlockAndTheValidString", "SherlockAndTheValidString\SherlockAndTheValidString.csproj", "{D4FB7FA5-AE46-42E7-B8C2-30E1129D73A7}"
EndProject
Project("{FAE04EC0-301F-11D3-BF4B-00C04F79EFBC}") = "AlternatingCharacters", "AlternatingCharacters\AlternatingCharacters.csproj", "{5BA80696-E554-4836-A810-9D6FE02E406A}"
EndProject
Project("{FAE04EC0-301F-11D3-BF4B-00C04F79EFBC}") = "TwoStrings", "TwoStrings\TwoStrings.csproj", "{01B6F6DB-C46B-4724-A3F4-D9892126F818}"
EndProject
Project("{FAE04EC0-301F-11D3-BF4B-00C04F79EFBC}") = "LuckBalance", "LuckBalance\LuckBalance.csproj", "{A22C9204-C691-4B80-B7E3-1A035EF678FC}"
EndProject
Project("{FAE04EC0-301F-11D3-BF4B-00C04F79EFBC}") = "MinimumAbsoluteDiifferenceInArray", "MinimumAbsoluteDiifferenceInArray\MinimumAbsoluteDiifferenceInArray.csproj", "{52F00329-BC7E-4726-96D8-10947A48ED70}"
EndProject
Project("{FAE04EC0-301F-11D3-BF4B-00C04F79EFBC}") = "HackerRankInterviewPreparationKit", "HackerRankInterviewPreparationKit\HackerRankInterviewPreparationKit.csproj", "{07B83590-67C2-449B-A884-843ABF8AFD99}"
EndProject
Project("{FAE04EC0-301F-11D3-BF4B-00C04F79EFBC}") = "FlippingBits", "FlippingBits\FlippingBits.csproj", "{06A2DAEE-947C-47D6-8005-4DC42D8039F1}"
EndProject
Global
	GlobalSection(SolutionConfigurationPlatforms) = preSolution
		Debug|Any CPU = Debug|Any CPU
		Release|Any CPU = Release|Any CPU
	EndGlobalSection
	GlobalSection(ProjectConfigurationPlatforms) = postSolution
		{0ACB3F77-C14E-44B9-8855-19D67FD85650}.Debug|Any CPU.ActiveCfg = Debug|Any CPU
		{0ACB3F77-C14E-44B9-8855-19D67FD85650}.Debug|Any CPU.Build.0 = Debug|Any CPU
		{0ACB3F77-C14E-44B9-8855-19D67FD85650}.Release|Any CPU.ActiveCfg = Release|Any CPU
		{0ACB3F77-C14E-44B9-8855-19D67FD85650}.Release|Any CPU.Build.0 = Release|Any CPU
		{535A0459-66C1-4340-A8E3-7E2576034287}.Debug|Any CPU.ActiveCfg = Debug|Any CPU
		{535A0459-66C1-4340-A8E3-7E2576034287}.Debug|Any CPU.Build.0 = Debug|Any CPU
		{535A0459-66C1-4340-A8E3-7E2576034287}.Release|Any CPU.ActiveCfg = Release|Any CPU
		{535A0459-66C1-4340-A8E3-7E2576034287}.Release|Any CPU.Build.0 = Release|Any CPU
		{6B956E63-E078-44C7-A5D7-7DFDC7BA3727}.Debug|Any CPU.ActiveCfg = Debug|Any CPU
		{6B956E63-E078-44C7-A5D7-7DFDC7BA3727}.Debug|Any CPU.Build.0 = Debug|Any CPU
		{6B956E63-E078-44C7-A5D7-7DFDC7BA3727}.Release|Any CPU.ActiveCfg = Release|Any CPU
		{6B956E63-E078-44C7-A5D7-7DFDC7BA3727}.Release|Any CPU.Build.0 = Release|Any CPU
		{FE12F577-B743-46EA-AAFA-BEAD0019B00C}.Debug|Any CPU.ActiveCfg = Debug|Any CPU
		{FE12F577-B743-46EA-AAFA-BEAD0019B00C}.Debug|Any CPU.Build.0 = Debug|Any CPU
		{FE12F577-B743-46EA-AAFA-BEAD0019B00C}.Release|Any CPU.ActiveCfg = Release|Any CPU
		{FE12F577-B743-46EA-AAFA-BEAD0019B00C}.Release|Any CPU.Build.0 = Release|Any CPU
		{F91A096D-B694-450C-A3DB-DB5A0EEFAD1A}.Debug|Any CPU.ActiveCfg = Debug|Any CPU
		{F91A096D-B694-450C-A3DB-DB5A0EEFAD1A}.Debug|Any CPU.Build.0 = Debug|Any CPU
		{F91A096D-B694-450C-A3DB-DB5A0EEFAD1A}.Release|Any CPU.ActiveCfg = Release|Any CPU
		{F91A096D-B694-450C-A3DB-DB5A0EEFAD1A}.Release|Any CPU.Build.0 = Release|Any CPU
		{D4C0CE01-B879-456F-AF97-EA341E48A16B}.Debug|Any CPU.ActiveCfg = Debug|Any CPU
		{D4C0CE01-B879-456F-AF97-EA341E48A16B}.Debug|Any CPU.Build.0 = Debug|Any CPU
		{D4C0CE01-B879-456F-AF97-EA341E48A16B}.Release|Any CPU.ActiveCfg = Release|Any CPU
		{D4C0CE01-B879-456F-AF97-EA341E48A16B}.Release|Any CPU.Build.0 = Release|Any CPU
		{F5D932AC-2744-445A-8F37-2F12E5BCD2A3}.Debug|Any CPU.ActiveCfg = Debug|Any CPU
		{F5D932AC-2744-445A-8F37-2F12E5BCD2A3}.Debug|Any CPU.Build.0 = Debug|Any CPU
		{F5D932AC-2744-445A-8F37-2F12E5BCD2A3}.Release|Any CPU.ActiveCfg = Release|Any CPU
		{F5D932AC-2744-445A-8F37-2F12E5BCD2A3}.Release|Any CPU.Build.0 = Release|Any CPU
		{5CA75066-B6EB-4656-B2F8-D398154A4084}.Debug|Any CPU.ActiveCfg = Debug|Any CPU
		{5CA75066-B6EB-4656-B2F8-D398154A4084}.Debug|Any CPU.Build.0 = Debug|Any CPU
		{5CA75066-B6EB-4656-B2F8-D398154A4084}.Release|Any CPU.ActiveCfg = Release|Any CPU
		{5CA75066-B6EB-4656-B2F8-D398154A4084}.Release|Any CPU.Build.0 = Release|Any CPU
		{CD4CD13B-2E53-46D3-BB7A-8C0E8F278ACF}.Debug|Any CPU.ActiveCfg = Debug|Any CPU
		{CD4CD13B-2E53-46D3-BB7A-8C0E8F278ACF}.Debug|Any CPU.Build.0 = Debug|Any CPU
		{CD4CD13B-2E53-46D3-BB7A-8C0E8F278ACF}.Release|Any CPU.ActiveCfg = Release|Any CPU
		{CD4CD13B-2E53-46D3-BB7A-8C0E8F278ACF}.Release|Any CPU.Build.0 = Release|Any CPU
		{73E2B503-E755-47A5-8A7D-96337650A37E}.Debug|Any CPU.ActiveCfg = Debug|Any CPU
		{73E2B503-E755-47A5-8A7D-96337650A37E}.Debug|Any CPU.Build.0 = Debug|Any CPU
		{73E2B503-E755-47A5-8A7D-96337650A37E}.Release|Any CPU.ActiveCfg = Release|Any CPU
		{73E2B503-E755-47A5-8A7D-96337650A37E}.Release|Any CPU.Build.0 = Release|Any CPU
		{F3043318-FD5C-417F-8D37-A6E7C83036DA}.Debug|Any CPU.ActiveCfg = Debug|Any CPU
		{F3043318-FD5C-417F-8D37-A6E7C83036DA}.Debug|Any CPU.Build.0 = Debug|Any CPU
		{F3043318-FD5C-417F-8D37-A6E7C83036DA}.Release|Any CPU.ActiveCfg = Release|Any CPU
		{F3043318-FD5C-417F-8D37-A6E7C83036DA}.Release|Any CPU.Build.0 = Release|Any CPU
		{F52BD303-F9B3-43BA-9F91-3A46B10A7C99}.Debug|Any CPU.ActiveCfg = Debug|Any CPU
		{F52BD303-F9B3-43BA-9F91-3A46B10A7C99}.Debug|Any CPU.Build.0 = Debug|Any CPU
		{F52BD303-F9B3-43BA-9F91-3A46B10A7C99}.Release|Any CPU.ActiveCfg = Release|Any CPU
		{F52BD303-F9B3-43BA-9F91-3A46B10A7C99}.Release|Any CPU.Build.0 = Release|Any CPU
		{FE7B56E3-F90F-49F4-BBF7-CEA752137A5D}.Debug|Any CPU.ActiveCfg = Debug|Any CPU
		{FE7B56E3-F90F-49F4-BBF7-CEA752137A5D}.Debug|Any CPU.Build.0 = Debug|Any CPU
		{FE7B56E3-F90F-49F4-BBF7-CEA752137A5D}.Release|Any CPU.ActiveCfg = Release|Any CPU
		{FE7B56E3-F90F-49F4-BBF7-CEA752137A5D}.Release|Any CPU.Build.0 = Release|Any CPU
		{ABD2CF93-6622-47C5-96A6-D1F6C6B05B44}.Debug|Any CPU.ActiveCfg = Debug|Any CPU
		{ABD2CF93-6622-47C5-96A6-D1F6C6B05B44}.Debug|Any CPU.Build.0 = Debug|Any CPU
		{ABD2CF93-6622-47C5-96A6-D1F6C6B05B44}.Release|Any CPU.ActiveCfg = Release|Any CPU
		{ABD2CF93-6622-47C5-96A6-D1F6C6B05B44}.Release|Any CPU.Build.0 = Release|Any CPU
		{D4FB7FA5-AE46-42E7-B8C2-30E1129D73A7}.Debug|Any CPU.ActiveCfg = Debug|Any CPU
		{D4FB7FA5-AE46-42E7-B8C2-30E1129D73A7}.Debug|Any CPU.Build.0 = Debug|Any CPU
		{D4FB7FA5-AE46-42E7-B8C2-30E1129D73A7}.Release|Any CPU.ActiveCfg = Release|Any CPU
		{D4FB7FA5-AE46-42E7-B8C2-30E1129D73A7}.Release|Any CPU.Build.0 = Release|Any CPU
		{5BA80696-E554-4836-A810-9D6FE02E406A}.Debug|Any CPU.ActiveCfg = Debug|Any CPU
		{5BA80696-E554-4836-A810-9D6FE02E406A}.Debug|Any CPU.Build.0 = Debug|Any CPU
		{5BA80696-E554-4836-A810-9D6FE02E406A}.Release|Any CPU.ActiveCfg = Release|Any CPU
		{5BA80696-E554-4836-A810-9D6FE02E406A}.Release|Any CPU.Build.0 = Release|Any CPU
		{01B6F6DB-C46B-4724-A3F4-D9892126F818}.Debug|Any CPU.ActiveCfg = Debug|Any CPU
		{01B6F6DB-C46B-4724-A3F4-D9892126F818}.Debug|Any CPU.Build.0 = Debug|Any CPU
		{01B6F6DB-C46B-4724-A3F4-D9892126F818}.Release|Any CPU.ActiveCfg = Release|Any CPU
		{01B6F6DB-C46B-4724-A3F4-D9892126F818}.Release|Any CPU.Build.0 = Release|Any CPU
		{A22C9204-C691-4B80-B7E3-1A035EF678FC}.Debug|Any CPU.ActiveCfg = Debug|Any CPU
		{A22C9204-C691-4B80-B7E3-1A035EF678FC}.Debug|Any CPU.Build.0 = Debug|Any CPU
		{A22C9204-C691-4B80-B7E3-1A035EF678FC}.Release|Any CPU.ActiveCfg = Release|Any CPU
		{A22C9204-C691-4B80-B7E3-1A035EF678FC}.Release|Any CPU.Build.0 = Release|Any CPU
		{52F00329-BC7E-4726-96D8-10947A48ED70}.Debug|Any CPU.ActiveCfg = Debug|Any CPU
		{52F00329-BC7E-4726-96D8-10947A48ED70}.Debug|Any CPU.Build.0 = Debug|Any CPU
		{52F00329-BC7E-4726-96D8-10947A48ED70}.Release|Any CPU.ActiveCfg = Release|Any CPU
		{52F00329-BC7E-4726-96D8-10947A48ED70}.Release|Any CPU.Build.0 = Release|Any CPU
		{07B83590-67C2-449B-A884-843ABF8AFD99}.Debug|Any CPU.ActiveCfg = Debug|Any CPU
		{07B83590-67C2-449B-A884-843ABF8AFD99}.Debug|Any CPU.Build.0 = Debug|Any CPU
		{07B83590-67C2-449B-A884-843ABF8AFD99}.Release|Any CPU.ActiveCfg = Release|Any CPU
		{07B83590-67C2-449B-A884-843ABF8AFD99}.Release|Any CPU.Build.0 = Release|Any CPU
		{06A2DAEE-947C-47D6-8005-4DC42D8039F1}.Debug|Any CPU.ActiveCfg = Debug|Any CPU
		{06A2DAEE-947C-47D6-8005-4DC42D8039F1}.Debug|Any CPU.Build.0 = Debug|Any CPU
		{06A2DAEE-947C-47D6-8005-4DC42D8039F1}.Release|Any CPU.ActiveCfg = Release|Any CPU
		{06A2DAEE-947C-47D6-8005-4DC42D8039F1}.Release|Any CPU.Build.0 = Release|Any CPU
	EndGlobalSection
	GlobalSection(SolutionProperties) = preSolution
		HideSolutionNode = FALSE
	EndGlobalSection
	GlobalSection(NestedProjects) = preSolution
		{0ACB3F77-C14E-44B9-8855-19D67FD85650} = {7AAD5C09-5C9F-400D-8C95-180FD269EBAB}
		{535A0459-66C1-4340-A8E3-7E2576034287} = {7AAD5C09-5C9F-400D-8C95-180FD269EBAB}
		{6B956E63-E078-44C7-A5D7-7DFDC7BA3727} = {A84BCAB2-35E5-49B8-8194-58F8847A1A3B}
		{FE12F577-B743-46EA-AAFA-BEAD0019B00C} = {C994D82B-FE3F-42B2-93A1-7E93003CA2E3}
		{F91A096D-B694-450C-A3DB-DB5A0EEFAD1A} = {C994D82B-FE3F-42B2-93A1-7E93003CA2E3}
		{D4C0CE01-B879-456F-AF97-EA341E48A16B} = {C994D82B-FE3F-42B2-93A1-7E93003CA2E3}
		{F5D932AC-2744-445A-8F37-2F12E5BCD2A3} = {F3A57E22-3C22-4326-8137-BF82FCE53222}
		{5CA75066-B6EB-4656-B2F8-D398154A4084} = {F3A57E22-3C22-4326-8137-BF82FCE53222}
		{CD4CD13B-2E53-46D3-BB7A-8C0E8F278ACF} = {F3A57E22-3C22-4326-8137-BF82FCE53222}
		{73E2B503-E755-47A5-8A7D-96337650A37E} = {094ABDF6-2291-412D-954C-28FC845D9989}
		{F3043318-FD5C-417F-8D37-A6E7C83036DA} = {094ABDF6-2291-412D-954C-28FC845D9989}
		{F52BD303-F9B3-43BA-9F91-3A46B10A7C99} = {296A1C0E-6F65-4731-957F-DCC8051D4DA4}
		{FE7B56E3-F90F-49F4-BBF7-CEA752137A5D} = {FA77288F-B7DB-440C-8DA7-DBBF75BFBFF1}
		{ABD2CF93-6622-47C5-96A6-D1F6C6B05B44} = {FD257508-2F8D-4D5B-8A75-47C489EEA9B3}
		{D4FB7FA5-AE46-42E7-B8C2-30E1129D73A7} = {F3A57E22-3C22-4326-8137-BF82FCE53222}
		{5BA80696-E554-4836-A810-9D6FE02E406A} = {F3A57E22-3C22-4326-8137-BF82FCE53222}
		{01B6F6DB-C46B-4724-A3F4-D9892126F818} = {C994D82B-FE3F-42B2-93A1-7E93003CA2E3}
		{A22C9204-C691-4B80-B7E3-1A035EF678FC} = {094ABDF6-2291-412D-954C-28FC845D9989}
		{52F00329-BC7E-4726-96D8-10947A48ED70} = {094ABDF6-2291-412D-954C-28FC845D9989}
		{06A2DAEE-947C-47D6-8005-4DC42D8039F1} = {AC827F69-C570-4D24-9667-16C0676DA2BC}
	EndGlobalSection
	GlobalSection(ExtensibilityGlobals) = postSolution
		SolutionGuid = {3F8AC36D-A156-4D53-AEBF-475929B1DD9F}
	EndGlobalSection
EndGlobal
